
Microsoft Visual Studio Solution File, Format Version 12.00
# Visual Studio 14
VisualStudioVersion = 14.0.25420.1
MinimumVisualStudioVersion = 10.0.40219.1
Project("{FAE04EC0-301F-11D3-BF4B-00C04F79EFBC}") = "LadoDeUnCuadradoAreaYPerimetro", "LadoDeUnCuadradoAreaYPerimetro\LadoDeUnCuadradoAreaYPerimetro.csproj", "{D07F3960-BAC0-4B72-95EF-F53CD44BC85B}"
EndProject
Project("{FAE04EC0-301F-11D3-BF4B-00C04F79EFBC}") = "Temperatura", "Temperatura\Temperatura.csproj", "{87717CF6-5CF2-4CCD-8167-31853D38199E}"
EndProject
Global
	GlobalSection(SolutionConfigurationPlatforms) = preSolution
		Debug|Any CPU = Debug|Any CPU
		Release|Any CPU = Release|Any CPU
	EndGlobalSection
	GlobalSection(ProjectConfigurationPlatforms) = postSolution
		{D07F3960-BAC0-4B72-95EF-F53CD44BC85B}.Debug|Any CPU.ActiveCfg = Debug|Any CPU
		{D07F3960-BAC0-4B72-95EF-F53CD44BC85B}.Debug|Any CPU.Build.0 = Debug|Any CPU
		{D07F3960-BAC0-4B72-95EF-F53CD44BC85B}.Release|Any CPU.ActiveCfg = Release|Any CPU
		{D07F3960-BAC0-4B72-95EF-F53CD44BC85B}.Release|Any CPU.Build.0 = Release|Any CPU
		{87717CF6-5CF2-4CCD-8167-31853D38199E}.Debug|Any CPU.ActiveCfg = Debug|Any CPU
		{87717CF6-5CF2-4CCD-8167-31853D38199E}.Debug|Any CPU.Build.0 = Debug|Any CPU
		{87717CF6-5CF2-4CCD-8167-31853D38199E}.Release|Any CPU.ActiveCfg = Release|Any CPU
		{87717CF6-5CF2-4CCD-8167-31853D38199E}.Release|Any CPU.Build.0 = Release|Any CPU
	EndGlobalSection
	GlobalSection(SolutionProperties) = preSolution
		HideSolutionNode = FALSE
	EndGlobalSection
EndGlobal
